
Microsoft Visual Studio Solution File, Format Version 12.00
# Visual Studio Version 17
VisualStudioVersion = 17.11.35222.181
MinimumVisualStudioVersion = 10.0.40219.1
Project("{FAE04EC0-301F-11D3-BF4B-00C04F79EFBC}") = "EventLoggingAPI", "EventLoggingAPI.csproj", "{A10A10A8-F7A6-474D-9667-79F945409EDC}"
EndProject
Global
	GlobalSection(SolutionConfigurationPlatforms) = preSolution
		Debug|Any CPU = Debug|Any CPU
		Release|Any CPU = Release|Any CPU
	EndGlobalSection
	GlobalSection(ProjectConfigurationPlatforms) = postSolution
		{A10A10A8-F7A6-474D-9667-79F945409EDC}.Debug|Any CPU.ActiveCfg = Debug|Any CPU
		{A10A10A8-F7A6-474D-9667-79F945409EDC}.Debug|Any CPU.Build.0 = Debug|Any CPU
		{A10A10A8-F7A6-474D-9667-79F945409EDC}.Release|Any CPU.ActiveCfg = Release|Any CPU
		{A10A10A8-F7A6-474D-9667-79F945409EDC}.Release|Any CPU.Build.0 = Release|Any CPU
	EndGlobalSection
	GlobalSection(SolutionProperties) = preSolution
		HideSolutionNode = FALSE
	EndGlobalSection
	GlobalSection(ExtensibilityGlobals) = postSolution
		SolutionGuid = {341BD8E7-6CD5-4828-A486-9DA4F215AC08}
	EndGlobalSection
EndGlobal
